# THIS IS AN AUTOGENERATED FILE. DO NOT EDIT THIS FILE DIRECTLY.
# yarn lockfile v1


ml-array-max@^1.0.1:
  version "1.0.1"
  resolved "https://registry.yarnpkg.com/ml-array-max/-/ml-array-max-1.0.1.tgz#bd6213b1e0fdccf0eebb9c9a677c2d2405a92181"

ml-array-mean@^1.0.0:
  version "1.0.1"
  resolved "https://registry.yarnpkg.com/ml-array-mean/-/ml-array-mean-1.0.1.tgz#f78c0f83840069b489b42393e9ce3985b0e8a5ec"

ml-array-min@^1.0.1:
  version "1.0.1"
  resolved "https://registry.yarnpkg.com/ml-array-min/-/ml-array-min-1.0.1.tgz#544b71ee0b2f38e6093e6a5964af8a6daff22f28"

ml-array-rescale@^1.1.0:
  version "1.1.0"
  resolved "https://registry.yarnpkg.com/ml-array-rescale/-/ml-array-rescale-1.1.0.tgz#e5a6aaff247865d1e1c8acfb8ef630fe5df1e3a2"
  dependencies:
    ml-array-max "^1.0.1"
    ml-array-min "^1.0.1"

ml-cart@^1.0.8:
  version "1.0.8"
  resolved "https://registry.yarnpkg.com/ml-cart/-/ml-cart-1.0.8.tgz#b1539ecb68d4bf33d13ee90c157d9e79e77ef47d"
  dependencies:
    ml-array-mean "^1.0.0"
    ml-matrix "^5.0.0"

ml-dataset-iris@^1.0.0:
  version "1.0.0"
  resolved "https://registry.yarnpkg.com/ml-dataset-iris/-/ml-dataset-iris-1.0.0.tgz#420f32cb5b874f0a3b008fc999cb30c6dcd7e12a"

ml-matrix@^5.0.0:
  version "5.0.1"
  resolved "https://registry.yarnpkg.com/ml-matrix/-/ml-matrix-5.0.1.tgz#2cb1f20b33ed8a0475dadd68ca7a6f7da5c5482c"
  dependencies:
    ml-array-rescale "^1.1.0"
