# THIS IS AN AUTOGENERATED FILE. DO NOT EDIT THIS FILE DIRECTLY.
# yarn lockfile v1


"@types/lodash.shuffle@^4.2.3":
  version "4.2.3"
  resolved "https://registry.yarnpkg.com/@types/lodash.shuffle/-/lodash.shuffle-4.2.3.tgz#f2355c37d1ab4a43c9db402751c1aee6fed96ae2"
  dependencies:
    "@types/lodash" "*"

"@types/lodash@*":
  version "4.14.91"
  resolved "https://registry.yarnpkg.com/@types/lodash/-/lodash-4.14.91.tgz#794611b28056d16b5436059c6d800b39d573cd3a"

lodash.shuffle@^4.2.0:
  version "4.2.0"
  resolved "https://registry.yarnpkg.com/lodash.shuffle/-/lodash.shuffle-4.2.0.tgz#145b5053cf875f6f5c2a33f48b6e9948c6ec7b4b"
